{
  "version": 4,
  "terraform_version": "1.2.5",
  "serial": 177,
  "lineage": "d9e336c6-f9fd-9d97-8494-e0baab8a2fc5",
  "outputs": {
    "kubernetes_cluster_host": {
      "value": "35.185.204.183",
      "type": "string"
    },
    "kubernetes_cluster_name": {
      "value": "airflow-gke-data-bootcamp",
      "type": "string"
    },
    "location": {
      "value": "us-west1-a",
      "type": "string"
    },
    "project_id": {
      "value": "peerless-haiku-354323",
      "type": "string"
    },
    "region": {
      "value": "us-west1",
      "type": "string"
    }
  },
  "resources": [
    {
      "module": "module.cloudsql",
      "mode": "managed",
      "type": "google_sql_database",
      "name": "database",
      "provider": "provider[\"registry.terraform.io/hashicorp/google\"]",
      "instances": [
        {
          "schema_version": 0,
          "attributes": {
            "charset": "UTF8",
            "collation": "en_US.UTF8",
            "id": "projects/peerless-haiku-354323/instances/data-bootcamp-3/databases/dbname",
            "instance": "data-bootcamp-3",
            "name": "dbname",
            "project": "peerless-haiku-354323",
            "self_link": "https://sqladmin.googleapis.com/sql/v1beta4/projects/peerless-haiku-354323/instances/data-bootcamp-3/databases/dbname",
            "timeouts": null
          },
          "sensitive_attributes": [],
          "private": "eyJlMmJmYjczMC1lY2FhLTExZTYtOGY4OC0zNDM2M2JjN2M0YzAiOnsiY3JlYXRlIjo5MDAwMDAwMDAwMDAsImRlbGV0ZSI6NjAwMDAwMDAwMDAwLCJ1cGRhdGUiOjYwMDAwMDAwMDAwMH19",
          "dependencies": [
            "module.cloudsql.google_sql_database_instance.sql_instance"
          ]
        }
      ]
    },
    {
      "module": "module.cloudsql",
      "mode": "managed",
      "type": "google_sql_database_instance",
      "name": "sql_instance",
      "provider": "provider[\"registry.terraform.io/hashicorp/google\"]",
      "instances": [
        {
          "schema_version": 0,
          "attributes": {
            "clone": [],
            "connection_name": "peerless-haiku-354323:us-west1:data-bootcamp-3",
            "database_version": "POSTGRES_12",
            "deletion_protection": false,
            "first_ip_address": "35.199.171.121",
            "id": "data-bootcamp-3",
            "ip_address": [
              {
                "ip_address": "35.199.171.121",
                "time_to_retire": "",
                "type": "PRIMARY"
              },
              {
                "ip_address": "34.145.24.97",
                "time_to_retire": "",
                "type": "OUTGOING"
              }
            ],
            "master_instance_name": "",
            "name": "data-bootcamp-3",
            "private_ip_address": "",
            "project": "peerless-haiku-354323",
            "public_ip_address": "35.199.171.121",
            "region": "us-west1",
            "replica_configuration": [],
            "restore_backup_context": [],
            "root_password": null,
            "self_link": "https://sqladmin.googleapis.com/sql/v1beta4/projects/peerless-haiku-354323/instances/data-bootcamp-3",
            "server_ca_cert": [
              {
                "cert": "-----BEGIN CERTIFICATE-----\nMIIDfzCCAmegAwIBAgIBADANBgkqhkiG9w0BAQsFADB3MS0wKwYDVQQuEyRkZjVi\nNmM4OC05NmI0LTQwZGQtYjc5OS1hMGU0YWYwYzYwOWYxIzAhBgNVBAMTGkdvb2ds\nZSBDbG91ZCBTUUwgU2VydmVyIENBMRQwEgYDVQQKEwtHb29nbGUsIEluYzELMAkG\nA1UEBhMCVVMwHhcNMjIwNzE3MjAyNzA0WhcNMzIwNzE0MjAyODA0WjB3MS0wKwYD\nVQQuEyRkZjViNmM4OC05NmI0LTQwZGQtYjc5OS1hMGU0YWYwYzYwOWYxIzAhBgNV\nBAMTGkdvb2dsZSBDbG91ZCBTUUwgU2VydmVyIENBMRQwEgYDVQQKEwtHb29nbGUs\nIEluYzELMAkGA1UEBhMCVVMwggEiMA0GCSqGSIb3DQEBAQUAA4IBDwAwggEKAoIB\nAQC5crz/0EpEBMcMqmjESBDSXt/AYjhGMpf8qcNaZRvPLCgt7cX3a5iqWnDMQjOi\nGenqpSJ7T4qAqW7zG/7yOsc+pSUUrKemXpzhmaPcJ+3Jj0h39FT9vvL5wdmg0+e3\nKmrCuGmLDIrR6qf8K65X99yi/jxAgNaREutEeuesB5gqDlQSreRucPtGOcRiLAgA\nq01o7tWuxrCf3kMRnxDOTb+qOe2LravR9l4aLDtS/FF6BIvXLfneh0EEG+RiaUj0\nXE5fXUyDETP8elWasH7NBe+LH58vocb/X/ObCDsEGW+pTGFrtRrMTFY8DEEVWxUX\n5afvJDCs/vJ+lb/toCApP6QFAgMBAAGjFjAUMBIGA1UdEwEB/wQIMAYBAf8CAQAw\nDQYJKoZIhvcNAQELBQADggEBAF22p95igQQeG/610zYqLKUMtk0qL4C8rl5Y7wA0\n6W765tX0T/S9pi+uOq/+CxlNsYxc/nomNTQnLtGDvqhPhxgoxUKrTSd6Y4mjomra\n1ShIjChqKN2DqjKdxC/N+HmnfIVqAdqLpVwPz14eziH69WkNyadFbHGinizhMvDV\nEi49gx+awJwmRiHgBqbOawbrM/yOBjK0DvfGM7vWIHpaWkeJXdSt8W82BU2mNuVe\nkjTSbUUxPzrUTVdEqxYFLk/vNzAt6RGILD6rI1KeKGTVkFoVtlD+5piJcP6XzM9I\nCJF7VVJo6m7ZllEKM+GpobUDyrfSW0BIKN7aQS9mZbnYmOo=\n-----END CERTIFICATE-----",
                "common_name": "C=US,O=Google\\, Inc,CN=Google Cloud SQL Server CA,dnQualifier=df5b6c88-96b4-40dd-b799-a0e4af0c609f",
                "create_time": "2022-07-17T20:27:04.404Z",
                "expiration_time": "2032-07-14T20:28:04.404Z",
                "sha1_fingerprint": "c83349237ac5b3ae04f308b688be0f59d64d1290"
              }
            ],
            "service_account_email_address": "p418681607515-8v21q1@gcp-sa-cloud-sql.iam.gserviceaccount.com",
            "settings": [
              {
                "activation_policy": "ALWAYS",
                "authorized_gae_applications": [],
                "availability_type": "ZONAL",
                "backup_configuration": [
                  {
                    "backup_retention_settings": [
                      {
                        "retained_backups": 7,
                        "retention_unit": "COUNT"
                      }
                    ],
                    "binary_log_enabled": false,
                    "enabled": false,
                    "location": "",
                    "point_in_time_recovery_enabled": false,
                    "start_time": "23:00",
                    "transaction_log_retention_days": 7
                  }
                ],
                "crash_safe_replication": false,
                "database_flags": [],
                "disk_autoresize": true,
                "disk_autoresize_limit": 0,
                "disk_size": 10,
                "disk_type": "PD_SSD",
                "insights_config": [],
                "ip_configuration": [
                  {
                    "authorized_networks": [
                      {
                        "expiration_time": "",
                        "name": "test-cluster",
                        "value": "0.0.0.0/0"
                      }
                    ],
                    "ipv4_enabled": true,
                    "private_network": "",
                    "require_ssl": false
                  }
                ],
                "location_preference": [
                  {
                    "follow_gae_application": "",
                    "zone": "us-west1-a"
                  }
                ],
                "maintenance_window": [],
                "pricing_plan": "PER_USE",
                "replication_type": "SYNCHRONOUS",
                "tier": "db-f1-micro",
                "user_labels": {},
                "version": 1
              }
            ],
            "timeouts": null
          },
          "sensitive_attributes": [],
          "private": "eyJlMmJmYjczMC1lY2FhLTExZTYtOGY4OC0zNDM2M2JjN2M0YzAiOnsiY3JlYXRlIjoxODAwMDAwMDAwMDAwLCJkZWxldGUiOjE4MDAwMDAwMDAwMDAsInVwZGF0ZSI6MTgwMDAwMDAwMDAwMH19"
        }
      ]
    },
    {
      "module": "module.cloudsql",
      "mode": "managed",
      "type": "google_sql_user",
      "name": "users",
      "provider": "provider[\"registry.terraform.io/hashicorp/google\"]",
      "instances": [
        {
          "schema_version": 1,
          "attributes": {
            "deletion_policy": null,
            "host": "",
            "id": "dbuser//data-bootcamp-3",
            "instance": "data-bootcamp-3",
            "name": "dbuser",
            "password": "dbpassword",
            "project": "peerless-haiku-354323",
            "timeouts": null,
            "type": ""
          },
          "sensitive_attributes": [],
          "private": "eyJlMmJmYjczMC1lY2FhLTExZTYtOGY4OC0zNDM2M2JjN2M0YzAiOnsiY3JlYXRlIjo2MDAwMDAwMDAwMDAsImRlbGV0ZSI6NjAwMDAwMDAwMDAwLCJ1cGRhdGUiOjYwMDAwMDAwMDAwMH0sInNjaGVtYV92ZXJzaW9uIjoiMSJ9",
          "dependencies": [
            "module.cloudsql.google_sql_database_instance.sql_instance"
          ]
        }
      ]
    },
    {
      "module": "module.gke",
      "mode": "managed",
      "type": "google_container_cluster",
      "name": "primary",
      "provider": "provider[\"registry.terraform.io/hashicorp/google\"]",
      "instances": [
        {
          "schema_version": 1,
          "attributes": {
            "addons_config": [
              {
                "cloudrun_config": [],
                "horizontal_pod_autoscaling": [],
                "http_load_balancing": [],
                "network_policy_config": [
                  {
                    "disabled": true
                  }
                ]
              }
            ],
            "authenticator_groups_config": [],
            "cluster_autoscaling": [
              {
                "auto_provisioning_defaults": [],
                "enabled": false,
                "resource_limits": []
              }
            ],
            "cluster_ipv4_cidr": "10.124.0.0/14",
            "database_encryption": [
              {
                "key_name": "",
                "state": "DECRYPTED"
              }
            ],
            "datapath_provider": "",
            "default_max_pods_per_node": 110,
            "default_snat_status": [
              {
                "disabled": false
              }
            ],
            "description": "",
            "enable_autopilot": false,
            "enable_binary_authorization": false,
            "enable_intranode_visibility": false,
            "enable_kubernetes_alpha": false,
            "enable_legacy_abac": false,
            "enable_shielded_nodes": false,
            "enable_tpu": false,
            "endpoint": "35.185.204.183",
            "id": "projects/peerless-haiku-354323/locations/us-west1-a/clusters/airflow-gke-data-bootcamp",
            "initial_node_count": 1,
            "instance_group_urls": [
              "https://www.googleapis.com/compute/v1/projects/peerless-haiku-354323/zones/us-west1-a/instanceGroups/gke-airflow-gke-data-airflow-gke-data-c3a63232-grp"
            ],
            "ip_allocation_policy": [
              {
                "cluster_ipv4_cidr_block": "10.124.0.0/14",
                "cluster_secondary_range_name": "gke-airflow-gke-data-bootcamp-pods-b01c44f6",
                "services_ipv4_cidr_block": "10.128.0.0/20",
                "services_secondary_range_name": "gke-airflow-gke-data-bootcamp-services-b01c44f6"
              }
            ],
            "label_fingerprint": "a9dc16a7",
            "location": "us-west1-a",
            "logging_service": "logging.googleapis.com/kubernetes",
            "maintenance_policy": [],
            "master_auth": [
              {
                "client_certificate": "",
                "client_certificate_config": [
                  {
                    "issue_client_certificate": false
                  }
                ],
                "client_key": "",
                "cluster_ca_certificate": "LS0tLS1CRUdJTiBDRVJUSUZJQ0FURS0tLS0tCk1JSUVMVENDQXBXZ0F3SUJBZ0lSQVBidzEwaVNQTTFZZkhHL3crZlFMdjB3RFFZSktvWklodmNOQVFFTEJRQXcKTHpFdE1Dc0dBMVVFQXhNa1pqY3hOVEUyTVRJdFpXUmpPUzAwTm1FMExUZzBORFV0TkdVeE5XRXlabVEyTjJNeApNQ0FYRFRJeU1EY3hOekU1TURjMU9Wb1lEekl3TlRJd056QTVNakF3TnpVNVdqQXZNUzB3S3dZRFZRUURFeVJtCk56RTFNVFl4TWkxbFpHTTVMVFEyWVRRdE9EUTBOUzAwWlRFMVlUSm1aRFkzWXpFd2dnR2lNQTBHQ1NxR1NJYjMKRFFFQkFRVUFBNElCandBd2dnR0tBb0lCZ1FEYkxHZi8wa2ZpWDdYZTJra21zNjRyY2NObHBXSll0RUVleitRbQpnZXQyRmVZbkY2MG45QzdtbDI3byszL1JsTjFvVWo2b2hiQ2thMDE4dkY3aXJFazl0UC9ZdUZIWUI1cEpuZytDCm9IT3dNdzlPZkR1cGdYa3RHYmFCMXpRNTd2cU5mVkt5MHY5MkUwWmp6dGlqWittMWNGbzRGMDE3UDM4TXRoVTYKYU5GSXBxemZVYS9yMWNxS1hvSXROTVRJOU9KQ3JWM3JCWm9KZHhkWVZSTmZBaENyUFZSN0FIYStFVWNrM1c2agpFWlBrWUJITE80ZERIdEFtaEFMalhqVy9yaldQZkx0eXlybnUwZDZuZENyVUVqN1NZOXBWR0JjOWF4SkZSdG5wCksyeENvTjlXcmV0MlBCU3NOVEY2TWYyRitLNVBBSEk5U09MMVJZKzFMV0lSc0NYUWhJUWgvYU15UlFVWTN0L3IKOVJUUnRFYUp2M05vVld4cmh6M3E0NWJzVXF1ZnFFdTI0TnpicTh6MGNKREMvVU1uNGtlTTZBZFluZUlMV2s2Lwp5SE9TdW8xd1lnUU9qa0ZPUlBDV0treE5NbTJmcXE3SEx6cTRoaHE4T3hFV084MmNNTXpPb2VhbktFa0hKaS9jCjNNY29meG5NVUxUTDRNRDhJU2xNNExFcUJLVUNBd0VBQWFOQ01FQXdEZ1lEVlIwUEFRSC9CQVFEQWdJRU1BOEcKQTFVZEV3RUIvd1FGTUFNQkFmOHdIUVlEVlIwT0JCWUVGTndDTExiOW9ocjAxU0loZy9aREpxa1kwYUxPTUEwRwpDU3FHU0liM0RRRUJDd1VBQTRJQmdRQmh0NG9rVEFyUm1oRnhtZm8yRE4wU1VNczVScTQwTDhsejdkM2VhUDVjCmFQNk83QkRjSlptK2RFTWZ2SUkyTDBKME55U0t0U0cva3pySDhTTEJ3eENDSDBGZXRBTU1hK1NzQzIxKzVHdEUKS3o5SWRDYm5SRzV4ZW5aZkEvQUp3clo5L2hsN1hESVllQll4ZXFVSTRna2F2MmhpWFYyNS85cjlOZm4wbkpaaQpDck1VS01maWJvdURRRTR0MGg4RzBvem9iZG9UamdleFpNbXdGaExHc2RzRFpjL3VvV2R5NDVXSktqWXIyNXhxCis3Zzg0ZHlkZ3BzVWhHWmFTcmo0dkRjRWNCelZEcGNPa3A2M2ZyT05ITkVwVlBGS2dYQ1RBVzdPWmR2c1gwSW4KRlNxVmd5T3hSL1d2bTZoQ1gxQzhzTzFIa0Qwb1pZWVZLd3dsMmlFMlZidDBHQ3RDazNQZjJMeTNpSDA2bFYxNwptcFVzSzYwK3FHTzRKUzc3VUJtOU0wYU5jWGllNE1wWkFzV0x1dS8yeXFXTllKeklHUm5va1B2VDd4Rk5jZW42CjI5eUh5WHRWOGJtb3docEppSWQzYmZCOEVSdUNiYTBnSmtuR3ZFWXZsajVDOGRMamhOVmxNR0JYSmphU3RWVjAKeEZ3Ky9JZnhNWisxZGo0eVlYdDNKTkk9Ci0tLS0tRU5EIENFUlRJRklDQVRFLS0tLS0K",
                "password": "",
                "username": ""
              }
            ],
            "master_authorized_networks_config": [],
            "master_version": "1.22.8-gke.202",
            "min_master_version": null,
            "monitoring_service": "monitoring.googleapis.com/kubernetes",
            "name": "airflow-gke-data-bootcamp",
            "network": "projects/peerless-haiku-354323/global/networks/peerless-haiku-354323-vpc",
            "network_policy": [
              {
                "enabled": false,
                "provider": "PROVIDER_UNSPECIFIED"
              }
            ],
            "networking_mode": "VPC_NATIVE",
            "node_config": [
              {
                "disk_size_gb": 100,
                "disk_type": "pd-standard",
                "guest_accelerator": [],
                "image_type": "COS_CONTAINERD",
                "labels": {
                  "env": "peerless-haiku-354323"
                },
                "local_ssd_count": 0,
                "machine_type": "n1-standard-1",
                "metadata": {
                  "disable-legacy-endpoints": "true"
                },
                "min_cpu_platform": "",
                "oauth_scopes": [
                  "https://www.googleapis.com/auth/logging.write",
                  "https://www.googleapis.com/auth/monitoring"
                ],
                "preemptible": false,
                "service_account": "default",
                "shielded_instance_config": [
                  {
                    "enable_integrity_monitoring": true,
                    "enable_secure_boot": false
                  }
                ],
                "tags": [
                  "gke-node",
                  "peerless-haiku-354323-gke"
                ],
                "taint": [],
                "workload_metadata_config": []
              }
            ],
            "node_locations": [],
            "node_pool": [
              {
                "autoscaling": [],
                "initial_node_count": 2,
                "instance_group_urls": [
                  "https://www.googleapis.com/compute/v1/projects/peerless-haiku-354323/zones/us-west1-a/instanceGroupManagers/gke-airflow-gke-data-airflow-gke-data-c3a63232-grp"
                ],
                "management": [
                  {
                    "auto_repair": true,
                    "auto_upgrade": true
                  }
                ],
                "max_pods_per_node": 110,
                "name": "airflow-gke-data-bootcamp-node-pool",
                "name_prefix": "",
                "node_config": [
                  {
                    "disk_size_gb": 100,
                    "disk_type": "pd-standard",
                    "guest_accelerator": [],
                    "image_type": "COS_CONTAINERD",
                    "labels": {
                      "env": "peerless-haiku-354323"
                    },
                    "local_ssd_count": 0,
                    "machine_type": "n1-standard-1",
                    "metadata": {
                      "disable-legacy-endpoints": "true"
                    },
                    "min_cpu_platform": "",
                    "oauth_scopes": [
                      "https://www.googleapis.com/auth/logging.write",
                      "https://www.googleapis.com/auth/monitoring"
                    ],
                    "preemptible": false,
                    "service_account": "default",
                    "shielded_instance_config": [
                      {
                        "enable_integrity_monitoring": true,
                        "enable_secure_boot": false
                      }
                    ],
                    "tags": [
                      "gke-node",
                      "peerless-haiku-354323-gke"
                    ],
                    "taint": [],
                    "workload_metadata_config": []
                  }
                ],
                "node_count": 2,
                "node_locations": [
                  "us-west1-a"
                ],
                "upgrade_settings": [
                  {
                    "max_surge": 1,
                    "max_unavailable": 0
                  }
                ],
                "version": "1.22.8-gke.202"
              }
            ],
            "node_version": "1.22.8-gke.202",
            "operation": null,
            "pod_security_policy_config": [],
            "private_cluster_config": [],
            "private_ipv6_google_access": "",
            "project": "peerless-haiku-354323",
            "release_channel": [
              {
                "channel": "REGULAR"
              }
            ],
            "remove_default_node_pool": true,
            "resource_labels": {},
            "resource_usage_export_config": [],
            "self_link": "https://container.googleapis.com/v1beta1/projects/peerless-haiku-354323/zones/us-west1-a/clusters/airflow-gke-data-bootcamp",
            "services_ipv4_cidr": "10.128.0.0/20",
            "subnetwork": "projects/peerless-haiku-354323/regions/us-west1/subnetworks/private-0-private-subnet",
            "timeouts": null,
            "tpu_ipv4_cidr_block": "",
            "vertical_pod_autoscaling": [],
            "workload_identity_config": []
          },
          "sensitive_attributes": [],
          "private": "eyJlMmJmYjczMC1lY2FhLTExZTYtOGY4OC0zNDM2M2JjN2M0YzAiOnsiY3JlYXRlIjoyNDAwMDAwMDAwMDAwLCJkZWxldGUiOjI0MDAwMDAwMDAwMDAsInJlYWQiOjI0MDAwMDAwMDAwMDAsInVwZGF0ZSI6MzYwMDAwMDAwMDAwMH0sInNjaGVtYV92ZXJzaW9uIjoiMSJ9",
          "dependencies": [
            "module.vpc.google_compute_network.main-vpc",
            "module.vpc.google_compute_subnetwork.private_subnets"
          ]
        }
      ]
    },
    {
      "module": "module.gke",
      "mode": "managed",
      "type": "google_container_node_pool",
      "name": "primary_nodes",
      "provider": "provider[\"registry.terraform.io/hashicorp/google\"]",
      "instances": [
        {
          "schema_version": 1,
          "attributes": {
            "autoscaling": [],
            "cluster": "airflow-gke-data-bootcamp",
            "id": "projects/peerless-haiku-354323/locations/us-west1-a/clusters/airflow-gke-data-bootcamp/nodePools/airflow-gke-data-bootcamp-node-pool",
            "initial_node_count": 2,
            "instance_group_urls": [
              "https://www.googleapis.com/compute/v1/projects/peerless-haiku-354323/zones/us-west1-a/instanceGroupManagers/gke-airflow-gke-data-airflow-gke-data-c3a63232-grp"
            ],
            "location": "us-west1-a",
            "management": [
              {
                "auto_repair": true,
                "auto_upgrade": true
              }
            ],
            "max_pods_per_node": 110,
            "name": "airflow-gke-data-bootcamp-node-pool",
            "name_prefix": "",
            "node_config": [
              {
                "disk_size_gb": 100,
                "disk_type": "pd-standard",
                "guest_accelerator": [],
                "image_type": "COS_CONTAINERD",
                "labels": {
                  "env": "peerless-haiku-354323"
                },
                "local_ssd_count": 0,
                "machine_type": "n1-standard-1",
                "metadata": {
                  "disable-legacy-endpoints": "true"
                },
                "min_cpu_platform": "",
                "oauth_scopes": [
                  "https://www.googleapis.com/auth/logging.write",
                  "https://www.googleapis.com/auth/monitoring"
                ],
                "preemptible": false,
                "service_account": "default",
                "shielded_instance_config": [
                  {
                    "enable_integrity_monitoring": true,
                    "enable_secure_boot": false
                  }
                ],
                "tags": [
                  "gke-node",
                  "peerless-haiku-354323-gke"
                ],
                "taint": [],
                "workload_metadata_config": []
              }
            ],
            "node_count": 2,
            "node_locations": [
              "us-west1-a"
            ],
            "operation": null,
            "project": "peerless-haiku-354323",
            "timeouts": null,
            "upgrade_settings": [
              {
                "max_surge": 1,
                "max_unavailable": 0
              }
            ],
            "version": "1.22.8-gke.202"
          },
          "sensitive_attributes": [],
          "private": "eyJlMmJmYjczMC1lY2FhLTExZTYtOGY4OC0zNDM2M2JjN2M0YzAiOnsiY3JlYXRlIjoxODAwMDAwMDAwMDAwLCJkZWxldGUiOjE4MDAwMDAwMDAwMDAsInVwZGF0ZSI6MTgwMDAwMDAwMDAwMH0sInNjaGVtYV92ZXJzaW9uIjoiMSJ9",
          "dependencies": [
            "module.gke.google_container_cluster.primary",
            "module.vpc.google_compute_network.main-vpc",
            "module.vpc.google_compute_subnetwork.private_subnets"
          ]
        }
      ]
    },
    {
      "module": "module.vpc",
      "mode": "managed",
      "type": "google_compute_network",
      "name": "main-vpc",
      "provider": "provider[\"registry.terraform.io/hashicorp/google\"]",
      "instances": [
        {
          "schema_version": 0,
          "attributes": {
            "auto_create_subnetworks": false,
            "delete_default_routes_on_create": false,
            "description": "",
            "gateway_ipv4": "",
            "id": "projects/peerless-haiku-354323/global/networks/peerless-haiku-354323-vpc",
            "mtu": 0,
            "name": "peerless-haiku-354323-vpc",
            "project": "peerless-haiku-354323",
            "routing_mode": "REGIONAL",
            "self_link": "https://www.googleapis.com/compute/v1/projects/peerless-haiku-354323/global/networks/peerless-haiku-354323-vpc",
            "timeouts": null
          },
          "sensitive_attributes": [],
          "private": "eyJlMmJmYjczMC1lY2FhLTExZTYtOGY4OC0zNDM2M2JjN2M0YzAiOnsiY3JlYXRlIjoyNDAwMDAwMDAwMDAsImRlbGV0ZSI6MjQwMDAwMDAwMDAwLCJ1cGRhdGUiOjI0MDAwMDAwMDAwMH19"
        }
      ]
    },
    {
      "module": "module.vpc",
      "mode": "managed",
      "type": "google_compute_subnetwork",
      "name": "private_subnets",
      "provider": "provider[\"registry.terraform.io/hashicorp/google\"]",
      "instances": [
        {
          "index_key": 0,
          "schema_version": 0,
          "attributes": {
            "creation_timestamp": "2022-07-17T13:07:46.794-07:00",
            "description": "",
            "fingerprint": null,
            "gateway_address": "10.0.1.1",
            "id": "projects/peerless-haiku-354323/regions/us-west1/subnetworks/private-0-private-subnet",
            "ip_cidr_range": "10.0.1.0/24",
            "log_config": [],
            "name": "private-0-private-subnet",
            "network": "https://www.googleapis.com/compute/v1/projects/peerless-haiku-354323/global/networks/peerless-haiku-354323-vpc",
            "private_ip_google_access": false,
            "private_ipv6_google_access": "DISABLE_GOOGLE_ACCESS",
            "project": "peerless-haiku-354323",
            "region": "us-west1",
            "secondary_ip_range": [
              {
                "ip_cidr_range": "10.128.0.0/20",
                "range_name": "gke-airflow-gke-data-bootcamp-services-b01c44f6"
              },
              {
                "ip_cidr_range": "10.124.0.0/14",
                "range_name": "gke-airflow-gke-data-bootcamp-pods-b01c44f6"
              }
            ],
            "self_link": "https://www.googleapis.com/compute/v1/projects/peerless-haiku-354323/regions/us-west1/subnetworks/private-0-private-subnet",
            "timeouts": null
          },
          "sensitive_attributes": [],
          "private": "eyJlMmJmYjczMC1lY2FhLTExZTYtOGY4OC0zNDM2M2JjN2M0YzAiOnsiY3JlYXRlIjozNjAwMDAwMDAwMDAsImRlbGV0ZSI6MzYwMDAwMDAwMDAwLCJ1cGRhdGUiOjM2MDAwMDAwMDAwMH19",
          "dependencies": [
            "module.vpc.google_compute_network.main-vpc"
          ]
        },
        {
          "index_key": 1,
          "schema_version": 0,
          "attributes": {
            "creation_timestamp": "2022-07-17T13:07:47.008-07:00",
            "description": "",
            "fingerprint": null,
            "gateway_address": "10.0.2.1",
            "id": "projects/peerless-haiku-354323/regions/us-west1/subnetworks/private-1-private-subnet",
            "ip_cidr_range": "10.0.2.0/24",
            "log_config": [],
            "name": "private-1-private-subnet",
            "network": "https://www.googleapis.com/compute/v1/projects/peerless-haiku-354323/global/networks/peerless-haiku-354323-vpc",
            "private_ip_google_access": false,
            "private_ipv6_google_access": "DISABLE_GOOGLE_ACCESS",
            "project": "peerless-haiku-354323",
            "region": "us-west1",
            "secondary_ip_range": [],
            "self_link": "https://www.googleapis.com/compute/v1/projects/peerless-haiku-354323/regions/us-west1/subnetworks/private-1-private-subnet",
            "timeouts": null
          },
          "sensitive_attributes": [],
          "private": "eyJlMmJmYjczMC1lY2FhLTExZTYtOGY4OC0zNDM2M2JjN2M0YzAiOnsiY3JlYXRlIjozNjAwMDAwMDAwMDAsImRlbGV0ZSI6MzYwMDAwMDAwMDAwLCJ1cGRhdGUiOjM2MDAwMDAwMDAwMH19",
          "dependencies": [
            "module.vpc.google_compute_network.main-vpc"
          ]
        },
        {
          "index_key": 2,
          "schema_version": 0,
          "attributes": {
            "creation_timestamp": "2022-07-17T13:07:46.798-07:00",
            "description": "",
            "fingerprint": null,
            "gateway_address": "10.0.3.1",
            "id": "projects/peerless-haiku-354323/regions/us-west1/subnetworks/private-2-private-subnet",
            "ip_cidr_range": "10.0.3.0/24",
            "log_config": [],
            "name": "private-2-private-subnet",
            "network": "https://www.googleapis.com/compute/v1/projects/peerless-haiku-354323/global/networks/peerless-haiku-354323-vpc",
            "private_ip_google_access": false,
            "private_ipv6_google_access": "DISABLE_GOOGLE_ACCESS",
            "project": "peerless-haiku-354323",
            "region": "us-west1",
            "secondary_ip_range": [],
            "self_link": "https://www.googleapis.com/compute/v1/projects/peerless-haiku-354323/regions/us-west1/subnetworks/private-2-private-subnet",
            "timeouts": null
          },
          "sensitive_attributes": [],
          "private": "eyJlMmJmYjczMC1lY2FhLTExZTYtOGY4OC0zNDM2M2JjN2M0YzAiOnsiY3JlYXRlIjozNjAwMDAwMDAwMDAsImRlbGV0ZSI6MzYwMDAwMDAwMDAwLCJ1cGRhdGUiOjM2MDAwMDAwMDAwMH19",
          "dependencies": [
            "module.vpc.google_compute_network.main-vpc"
          ]
        }
      ]
    },
    {
      "module": "module.vpc",
      "mode": "managed",
      "type": "google_compute_subnetwork",
      "name": "public_subnets",
      "provider": "provider[\"registry.terraform.io/hashicorp/google\"]",
      "instances": [
        {
          "index_key": 0,
          "schema_version": 0,
          "attributes": {
            "creation_timestamp": "2022-07-17T13:07:46.891-07:00",
            "description": "",
            "fingerprint": null,
            "gateway_address": "10.0.4.1",
            "id": "projects/peerless-haiku-354323/regions/us-west1/subnetworks/public-0-public-subnet",
            "ip_cidr_range": "10.0.4.0/24",
            "log_config": [],
            "name": "public-0-public-subnet",
            "network": "https://www.googleapis.com/compute/v1/projects/peerless-haiku-354323/global/networks/peerless-haiku-354323-vpc",
            "private_ip_google_access": false,
            "private_ipv6_google_access": "DISABLE_GOOGLE_ACCESS",
            "project": "peerless-haiku-354323",
            "region": "us-west1",
            "secondary_ip_range": [],
            "self_link": "https://www.googleapis.com/compute/v1/projects/peerless-haiku-354323/regions/us-west1/subnetworks/public-0-public-subnet",
            "timeouts": null
          },
          "sensitive_attributes": [],
          "private": "eyJlMmJmYjczMC1lY2FhLTExZTYtOGY4OC0zNDM2M2JjN2M0YzAiOnsiY3JlYXRlIjozNjAwMDAwMDAwMDAsImRlbGV0ZSI6MzYwMDAwMDAwMDAwLCJ1cGRhdGUiOjM2MDAwMDAwMDAwMH19",
          "dependencies": [
            "module.vpc.google_compute_network.main-vpc"
          ]
        },
        {
          "index_key": 1,
          "schema_version": 0,
          "attributes": {
            "creation_timestamp": "2022-07-17T13:07:47.093-07:00",
            "description": "",
            "fingerprint": null,
            "gateway_address": "10.0.5.1",
            "id": "projects/peerless-haiku-354323/regions/us-west1/subnetworks/public-1-public-subnet",
            "ip_cidr_range": "10.0.5.0/24",
            "log_config": [],
            "name": "public-1-public-subnet",
            "network": "https://www.googleapis.com/compute/v1/projects/peerless-haiku-354323/global/networks/peerless-haiku-354323-vpc",
            "private_ip_google_access": false,
            "private_ipv6_google_access": "DISABLE_GOOGLE_ACCESS",
            "project": "peerless-haiku-354323",
            "region": "us-west1",
            "secondary_ip_range": [],
            "self_link": "https://www.googleapis.com/compute/v1/projects/peerless-haiku-354323/regions/us-west1/subnetworks/public-1-public-subnet",
            "timeouts": null
          },
          "sensitive_attributes": [],
          "private": "eyJlMmJmYjczMC1lY2FhLTExZTYtOGY4OC0zNDM2M2JjN2M0YzAiOnsiY3JlYXRlIjozNjAwMDAwMDAwMDAsImRlbGV0ZSI6MzYwMDAwMDAwMDAwLCJ1cGRhdGUiOjM2MDAwMDAwMDAwMH19",
          "dependencies": [
            "module.vpc.google_compute_network.main-vpc"
          ]
        },
        {
          "index_key": 2,
          "schema_version": 0,
          "attributes": {
            "creation_timestamp": "2022-07-17T13:07:46.403-07:00",
            "description": "",
            "fingerprint": null,
            "gateway_address": "10.0.6.1",
            "id": "projects/peerless-haiku-354323/regions/us-west1/subnetworks/public-2-public-subnet",
            "ip_cidr_range": "10.0.6.0/24",
            "log_config": [],
            "name": "public-2-public-subnet",
            "network": "https://www.googleapis.com/compute/v1/projects/peerless-haiku-354323/global/networks/peerless-haiku-354323-vpc",
            "private_ip_google_access": false,
            "private_ipv6_google_access": "DISABLE_GOOGLE_ACCESS",
            "project": "peerless-haiku-354323",
            "region": "us-west1",
            "secondary_ip_range": [],
            "self_link": "https://www.googleapis.com/compute/v1/projects/peerless-haiku-354323/regions/us-west1/subnetworks/public-2-public-subnet",
            "timeouts": null
          },
          "sensitive_attributes": [],
          "private": "eyJlMmJmYjczMC1lY2FhLTExZTYtOGY4OC0zNDM2M2JjN2M0YzAiOnsiY3JlYXRlIjozNjAwMDAwMDAwMDAsImRlbGV0ZSI6MzYwMDAwMDAwMDAwLCJ1cGRhdGUiOjM2MDAwMDAwMDAwMH19",
          "dependencies": [
            "module.vpc.google_compute_network.main-vpc"
          ]
        }
      ]
    }
  ]
}
